PODS:
  - FBSnapshotTestCase (2.1.4):
    - FBSnapshotTestCase/SwiftSupport (= 2.1.4)
  - FBSnapshotTestCase/Core (2.1.4)
  - FBSnapshotTestCase/SwiftSupport (2.1.4):
    - FBSnapshotTestCase/Core
  - JQSwiftIcon (0.1.0)

DEPENDENCIES:
  - FBSnapshotTestCase (from `https://github.com/facebook/ios-snapshot-test-case`)
  - JQSwiftIcon (from `../`)

EXTERNAL SOURCES:
  FBSnapshotTestCase:
    :git: https://github.com/facebook/ios-snapshot-test-case
  JQSwiftIcon:
    :path: "../"

CHECKOUT OPTIONS:
  FBSnapshotTestCase:
    :commit: a8c9288fb150ea497c1562649663043bd8b113df
    :git: https://github.com/facebook/ios-snapshot-test-case

SPEC CHECKSUMS:
  FBSnapshotTestCase: 094f9f314decbabe373b87cc339bea235a63e07a
  JQSwiftIcon: cb6f5ecfe556f3a345cb3bf9d754ae9ae144a421

PODFILE CHECKSUM: 8c95a984b691186cbbfc5c573ff637750fed8cf9

COCOAPODS: 1.0.1
